
Microsoft Visual Studio Solution File, Format Version 12.00
# Visual Studio Version 16
VisualStudioVersion = 16.0.30204.135
MinimumVisualStudioVersion = 10.0.40219.1
Project("{FAE04EC0-301F-11D3-BF4B-00C04F79EFBC}") = "Shop.UI", "Shop.UI\Shop.UI.csproj", "{C550807F-A295-47D6-973E-43EC96D2B5ED}"
EndProject
Project("{FAE04EC0-301F-11D3-BF4B-00C04F79EFBC}") = "Shop.Domain", "Shop.Domain\Shop.Domain.csproj", "{72EB388C-2286-46F6-AC8C-F34F072D3F61}"
EndProject
Project("{FAE04EC0-301F-11D3-BF4B-00C04F79EFBC}") = "Shop.Application", "Shop.Application\Shop.Application.csproj", "{AD11227B-45A1-4209-9A5B-8F0D50FD886D}"
EndProject
Project("{FAE04EC0-301F-11D3-BF4B-00C04F79EFBC}") = "Shop.Database", "Shop.Database\Shop.Database.csproj", "{8E7E892E-B568-40C8-A539-306A0746E3E9}"
EndProject
Global
	GlobalSection(SolutionConfigurationPlatforms) = preSolution
		Debug|Any CPU = Debug|Any CPU
		Release|Any CPU = Release|Any CPU
	EndGlobalSection
	GlobalSection(ProjectConfigurationPlatforms) = postSolution
		{C550807F-A295-47D6-973E-43EC96D2B5ED}.Debug|Any CPU.ActiveCfg = Debug|Any CPU
		{C550807F-A295-47D6-973E-43EC96D2B5ED}.Debug|Any CPU.Build.0 = Debug|Any CPU
		{C550807F-A295-47D6-973E-43EC96D2B5ED}.Release|Any CPU.ActiveCfg = Release|Any CPU
		{C550807F-A295-47D6-973E-43EC96D2B5ED}.Release|Any CPU.Build.0 = Release|Any CPU
		{72EB388C-2286-46F6-AC8C-F34F072D3F61}.Debug|Any CPU.ActiveCfg = Debug|Any CPU
		{72EB388C-2286-46F6-AC8C-F34F072D3F61}.Debug|Any CPU.Build.0 = Debug|Any CPU
		{72EB388C-2286-46F6-AC8C-F34F072D3F61}.Release|Any CPU.ActiveCfg = Release|Any CPU
		{72EB388C-2286-46F6-AC8C-F34F072D3F61}.Release|Any CPU.Build.0 = Release|Any CPU
		{AD11227B-45A1-4209-9A5B-8F0D50FD886D}.Debug|Any CPU.ActiveCfg = Debug|Any CPU
		{AD11227B-45A1-4209-9A5B-8F0D50FD886D}.Debug|Any CPU.Build.0 = Debug|Any CPU
		{AD11227B-45A1-4209-9A5B-8F0D50FD886D}.Release|Any CPU.ActiveCfg = Release|Any CPU
		{AD11227B-45A1-4209-9A5B-8F0D50FD886D}.Release|Any CPU.Build.0 = Release|Any CPU
		{8E7E892E-B568-40C8-A539-306A0746E3E9}.Debug|Any CPU.ActiveCfg = Debug|Any CPU
		{8E7E892E-B568-40C8-A539-306A0746E3E9}.Debug|Any CPU.Build.0 = Debug|Any CPU
		{8E7E892E-B568-40C8-A539-306A0746E3E9}.Release|Any CPU.ActiveCfg = Release|Any CPU
		{8E7E892E-B568-40C8-A539-306A0746E3E9}.Release|Any CPU.Build.0 = Release|Any CPU
	EndGlobalSection
	GlobalSection(SolutionProperties) = preSolution
		HideSolutionNode = FALSE
	EndGlobalSection
	GlobalSection(ExtensibilityGlobals) = postSolution
		SolutionGuid = {DEE8FAEE-A8D1-436C-A63F-5D77A835D564}
	EndGlobalSection
EndGlobal
